
Microsoft Visual Studio Solution File, Format Version 12.00
# Visual Studio Version 16
VisualStudioVersion = 16.0.30717.126
MinimumVisualStudioVersion = 10.0.40219.1
Project("{FAE04EC0-301F-11D3-BF4B-00C04F79EFBC}") = "TheAuctionProject", "TheAuctionProject.csproj", "{02782D90-9B9E-4261-BC7B-CEC8AA20ED97}"
EndProject
Global
	GlobalSection(SolutionConfigurationPlatforms) = preSolution
		Debug|Any CPU = Debug|Any CPU
		Release|Any CPU = Release|Any CPU
	EndGlobalSection
	GlobalSection(ProjectConfigurationPlatforms) = postSolution
		{02782D90-9B9E-4261-BC7B-CEC8AA20ED97}.Debug|Any CPU.ActiveCfg = Debug|Any CPU
		{02782D90-9B9E-4261-BC7B-CEC8AA20ED97}.Debug|Any CPU.Build.0 = Debug|Any CPU
		{02782D90-9B9E-4261-BC7B-CEC8AA20ED97}.Release|Any CPU.ActiveCfg = Release|Any CPU
		{02782D90-9B9E-4261-BC7B-CEC8AA20ED97}.Release|Any CPU.Build.0 = Release|Any CPU
	EndGlobalSection
	GlobalSection(SolutionProperties) = preSolution
		HideSolutionNode = FALSE
	EndGlobalSection
	GlobalSection(ExtensibilityGlobals) = postSolution
		SolutionGuid = {AA230F37-7853-4B7C-9482-46FEE86DF9DA}
	EndGlobalSection
EndGlobal
